
Microsoft Visual Studio Solution File, Format Version 12.00
# Visual Studio Version 17
VisualStudioVersion = 17.11.35222.181
MinimumVisualStudioVersion = 10.0.40219.1
Project("{9A19103F-16F7-4668-BE54-9A1E7A4F7556}") = "MainApps", "MainApps\MainApps.csproj", "{91285D24-1E7E-49F3-9E53-BB5D489174ED}"
EndProject
Project("{9A19103F-16F7-4668-BE54-9A1E7A4F7556}") = "Resources", "Resources\Resources.csproj", "{B4AEC148-B09F-47F7-A3BB-B0C5E7AA98B3}"
EndProject
Project("{FAE04EC0-301F-11D3-BF4B-00C04F79EFBC}") = "Resources.Tests", "Resources.Tests\Resources.Tests.csproj", "{883133B5-2453-485D-82CA-76135A382077}"
EndProject
Global
	GlobalSection(SolutionConfigurationPlatforms) = preSolution
		Debug|Any CPU = Debug|Any CPU
		Release|Any CPU = Release|Any CPU
	EndGlobalSection
	GlobalSection(ProjectConfigurationPlatforms) = postSolution
		{91285D24-1E7E-49F3-9E53-BB5D489174ED}.Debug|Any CPU.ActiveCfg = Debug|Any CPU
		{91285D24-1E7E-49F3-9E53-BB5D489174ED}.Debug|Any CPU.Build.0 = Debug|Any CPU
		{91285D24-1E7E-49F3-9E53-BB5D489174ED}.Release|Any CPU.ActiveCfg = Release|Any CPU
		{91285D24-1E7E-49F3-9E53-BB5D489174ED}.Release|Any CPU.Build.0 = Release|Any CPU
		{B4AEC148-B09F-47F7-A3BB-B0C5E7AA98B3}.Debug|Any CPU.ActiveCfg = Debug|Any CPU
		{B4AEC148-B09F-47F7-A3BB-B0C5E7AA98B3}.Debug|Any CPU.Build.0 = Debug|Any CPU
		{B4AEC148-B09F-47F7-A3BB-B0C5E7AA98B3}.Release|Any CPU.ActiveCfg = Release|Any CPU
		{B4AEC148-B09F-47F7-A3BB-B0C5E7AA98B3}.Release|Any CPU.Build.0 = Release|Any CPU
		{883133B5-2453-485D-82CA-76135A382077}.Debug|Any CPU.ActiveCfg = Debug|Any CPU
		{883133B5-2453-485D-82CA-76135A382077}.Debug|Any CPU.Build.0 = Debug|Any CPU
		{883133B5-2453-485D-82CA-76135A382077}.Release|Any CPU.ActiveCfg = Release|Any CPU
		{883133B5-2453-485D-82CA-76135A382077}.Release|Any CPU.Build.0 = Release|Any CPU
	EndGlobalSection
	GlobalSection(SolutionProperties) = preSolution
		HideSolutionNode = FALSE
	EndGlobalSection
	GlobalSection(ExtensibilityGlobals) = postSolution
		SolutionGuid = {76A2428B-C903-4175-934A-25EE0BFD960F}
	EndGlobalSection
EndGlobal
